
Microsoft Visual Studio Solution File, Format Version 12.00
# Visual Studio Version 16
VisualStudioVersion = 16.0.29209.62
MinimumVisualStudioVersion = 10.0.40219.1
Project("{FAE04EC0-301F-11D3-BF4B-00C04F79EFBC}") = "BaiTapLon_CS", "BaiTapLon_CS\BaiTapLon_CS.csproj", "{CC56150C-7BF4-4233-9759-AF8C14EA202F}"
EndProject
Global
	GlobalSection(SolutionConfigurationPlatforms) = preSolution
		Debug|Any CPU = Debug|Any CPU
		Release|Any CPU = Release|Any CPU
	EndGlobalSection
	GlobalSection(ProjectConfigurationPlatforms) = postSolution
		{CC56150C-7BF4-4233-9759-AF8C14EA202F}.Debug|Any CPU.ActiveCfg = Debug|Any CPU
		{CC56150C-7BF4-4233-9759-AF8C14EA202F}.Debug|Any CPU.Build.0 = Debug|Any CPU
		{CC56150C-7BF4-4233-9759-AF8C14EA202F}.Release|Any CPU.ActiveCfg = Release|Any CPU
		{CC56150C-7BF4-4233-9759-AF8C14EA202F}.Release|Any CPU.Build.0 = Release|Any CPU
	EndGlobalSection
	GlobalSection(SolutionProperties) = preSolution
		HideSolutionNode = FALSE
	EndGlobalSection
	GlobalSection(ExtensibilityGlobals) = postSolution
		SolutionGuid = {44A20C5F-BFA0-42F5-8B24-A04B7D0780B3}
	EndGlobalSection
EndGlobal
